// !$*UTF8*$!
{
	archiveVersion = 1;
	classes = {
	};
	objectVersion = 55;
	objects = {

/* Begin PBXBuildFile section */
		584DEF102840E6FB004CC5EC /* GradientIcon.swift in Sources */ = {isa = PBXBuildFile; fileRef = 584DEF0F2840E6FB004CC5EC /* GradientIcon.swift */; };
		584DEF122841117E004CC5EC /* FAQView.swift in Sources */ = {isa = PBXBuildFile; fileRef = 584DEF112841117E004CC5EC /* FAQView.swift */; };
		584DEF142841118B004CC5EC /* PackagesView.swift in Sources */ = {isa = PBXBuildFile; fileRef = 584DEF132841118B004CC5EC /* PackagesView.swift */; };
		584DEF1E2845D8B9004CC5EC /* Package.swift in Sources */ = {isa = PBXBuildFile; fileRef = 584DEF1D2845D8B9004CC5EC /* Package.swift */; };
		584DEF202845DA46004CC5EC /* PackageRow.swift in Sources */ = {isa = PBXBuildFile; fileRef = 584DEF1F2845DA46004CC5EC /* PackageRow.swift */; };
		587071992838DF11001BAFA6 /* SwiftUICombineAndDataApp.swift in Sources */ = {isa = PBXBuildFile; fileRef = 587071982838DF11001BAFA6 /* SwiftUICombineAndDataApp.swift */; };
		5870719B2838DF11001BAFA6 /* ContentView.swift in Sources */ = {isa = PBXBuildFile; fileRef = 5870719A2838DF11001BAFA6 /* ContentView.swift */; };
		5870719D2838DF14001BAFA6 /* Assets.xcassets in Resources */ = {isa = PBXBuildFile; fileRef = 5870719C2838DF14001BAFA6 /* Assets.xcassets */; };
		587071A02838DF14001BAFA6 /* Preview Assets.xcassets in Resources */ = {isa = PBXBuildFile; fileRef = 5870719F2838DF14001BAFA6 /* Preview Assets.xcassets */; };
		589B851C283BAB6700BAF353 /* AccountBackground.swift in Sources */ = {isa = PBXBuildFile; fileRef = 589B851A283BAB6700BAF353 /* AccountBackground.swift */; };
		589B851D283BAB6700BAF353 /* VisualEffectBlur.swift in Sources */ = {isa = PBXBuildFile; fileRef = 589B851B283BAB6700BAF353 /* VisualEffectBlur.swift */; };
		589B851F283BB50400BAF353 /* TrackableScrollView.swift in Sources */ = {isa = PBXBuildFile; fileRef = 589B851E283BB50400BAF353 /* TrackableScrollView.swift */; };
		589B8521283C8C8B00BAF353 /* MenuRow.swift in Sources */ = {isa = PBXBuildFile; fileRef = 589B8520283C8C8B00BAF353 /* MenuRow.swift */; };
/* End PBXBuildFile section */

/* Begin PBXFileReference section */
		584DEF0F2840E6FB004CC5EC /* GradientIcon.swift */ = {isa = PBXFileReference; lastKnownFileType = sourcecode.swift; path = GradientIcon.swift; sourceTree = "<group>"; };
		584DEF112841117E004CC5EC /* FAQView.swift */ = {isa = PBXFileReference; lastKnownFileType = sourcecode.swift; path = FAQView.swift; sourceTree = "<group>"; };
		584DEF132841118B004CC5EC /* PackagesView.swift */ = {isa = PBXFileReference; lastKnownFileType = sourcecode.swift; path = PackagesView.swift; sourceTree = "<group>"; };
		584DEF1D2845D8B9004CC5EC /* Package.swift */ = {isa = PBXFileReference; lastKnownFileType = sourcecode.swift; path = Package.swift; sourceTree = "<group>"; };
		584DEF1F2845DA46004CC5EC /* PackageRow.swift */ = {isa = PBXFileReference; lastKnownFileType = sourcecode.swift; path = PackageRow.swift; sourceTree = "<group>"; };
		587071952838DF11001BAFA6 /* SwiftUICombineAndData.app */ = {isa = PBXFileReference; explicitFileType = wrapper.application; includeInIndex = 0; path = SwiftUICombineAndData.app; sourceTree = BUILT_PRODUCTS_DIR; };
		587071982838DF11001BAFA6 /* SwiftUICombineAndDataApp.swift */ = {isa = PBXFileReference; lastKnownFileType = sourcecode.swift; path = SwiftUICombineAndDataApp.swift; sourceTree = "<group>"; };
		5870719A2838DF11001BAFA6 /* ContentView.swift */ = {isa = PBXFileReference; lastKnownFileType = sourcecode.swift; path = ContentView.swift; sourceTree = "<group>"; };
		5870719C2838DF14001BAFA6 /* Assets.xcassets */ = {isa = PBXFileReference; lastKnownFileType = folder.assetcatalog; path = Assets.xcassets; sourceTree = "<group>"; };
		5870719F2838DF14001BAFA6 /* Preview Assets.xcassets */ = {isa = PBXFileReference; lastKnownFileType = folder.assetcatalog; path = "Preview Assets.xcassets"; sourceTree = "<group>"; };
		589B851A283BAB6700BAF353 /* AccountBackground.swift */ = {isa = PBXFileReference; fileEncoding = 4; lastKnownFileType = sourcecode.swift; path = AccountBackground.swift; sourceTree = "<group>"; };
		589B851B283BAB6700BAF353 /* VisualEffectBlur.swift */ = {isa = PBXFileReference; fileEncoding = 4; lastKnownFileType = sourcecode.swift; path = VisualEffectBlur.swift; sourceTree = "<group>"; };
		589B851E283BB50400BAF353 /* TrackableScrollView.swift */ = {isa = PBXFileReference; lastKnownFileType = sourcecode.swift; path = TrackableScrollView.swift; sourceTree = "<group>"; };
		589B8520283C8C8B00BAF353 /* MenuRow.swift */ = {isa = PBXFileReference; lastKnownFileType = sourcecode.swift; path = MenuRow.swift; sourceTree = "<group>"; };
/* End PBXFileReference section */

/* Begin PBXFrameworksBuildPhase section */
		587071922838DF11001BAFA6 /* Frameworks */ = {
			isa = PBXFrameworksBuildPhase;
			buildActionMask = 2147483647;
			files = (
			);
			runOnlyForDeploymentPostprocessing = 0;
		};
/* End PBXFrameworksBuildPhase section */

/* Begin PBXGroup section */
		584DEF15284111B9004CC5EC /* Views */ = {
			isa = PBXGroup;
			children = (
				584DEF112841117E004CC5EC /* FAQView.swift */,
				584DEF132841118B004CC5EC /* PackagesView.swift */,
			);
			path = Views;
			sourceTree = "<group>";
		};
		584DEF16284111D4004CC5EC /* Rows */ = {
			isa = PBXGroup;
			children = (
				589B8520283C8C8B00BAF353 /* MenuRow.swift */,
				584DEF1F2845DA46004CC5EC /* PackageRow.swift */,
			);
			path = Rows;
			sourceTree = "<group>";
		};
		584DEF17284111EA004CC5EC /* Other */ = {
			isa = PBXGroup;
			children = (
				584DEF0F2840E6FB004CC5EC /* GradientIcon.swift */,
			);
			path = Other;
			sourceTree = "<group>";
		};
		584DEF1828411200004CC5EC /* Utils */ = {
			isa = PBXGroup;
			children = (
				589B851E283BB50400BAF353 /* TrackableScrollView.swift */,
			);
			path = Utils;
			sourceTree = "<group>";
		};
		584DEF1928411233004CC5EC /* Components */ = {
			isa = PBXGroup;
			children = (
				584DEF17284111EA004CC5EC /* Other */,
				584DEF16284111D4004CC5EC /* Rows */,
			);
			path = Components;
			sourceTree = "<group>";
		};
		584DEF1A2845D833004CC5EC /* Models */ = {
			isa = PBXGroup;
			children = (
				584DEF1D2845D8B9004CC5EC /* Package.swift */,
			);
			path = Models;
			sourceTree = "<group>";
		};
		5870718C2838DF11001BAFA6 = {
			isa = PBXGroup;
			children = (
				587071972838DF11001BAFA6 /* SwiftUICombineAndData */,
				587071962838DF11001BAFA6 /* Products */,
			);
			sourceTree = "<group>";
		};
		587071962838DF11001BAFA6 /* Products */ = {
			isa = PBXGroup;
			children = (
				587071952838DF11001BAFA6 /* SwiftUICombineAndData.app */,
			);
			name = Products;
			sourceTree = "<group>";
		};
		587071972838DF11001BAFA6 /* SwiftUICombineAndData */ = {
			isa = PBXGroup;
			children = (
				584DEF1A2845D833004CC5EC /* Models */,
				584DEF1928411233004CC5EC /* Components */,
				584DEF1828411200004CC5EC /* Utils */,
				584DEF15284111B9004CC5EC /* Views */,
				589B8519283BAB4000BAF353 /* Graphics */,
				587071982838DF11001BAFA6 /* SwiftUICombineAndDataApp.swift */,
				5870719A2838DF11001BAFA6 /* ContentView.swift */,
				5870719C2838DF14001BAFA6 /* Assets.xcassets */,
				5870719E2838DF14001BAFA6 /* Preview Content */,
			);
			path = SwiftUICombineAndData;
			sourceTree = "<group>";
		};
		5870719E2838DF14001BAFA6 /* Preview Content */ = {
			isa = PBXGroup;
			children = (
				5870719F2838DF14001BAFA6 /* Preview Assets.xcassets */,
			);
			path = "Preview Content";
			sourceTree = "<group>";
		};
		589B8519283BAB4000BAF353 /* Graphics */ = {
			isa = PBXGroup;
			children = (
				589B851A283BAB6700BAF353 /* AccountBackground.swift */,
				589B851B283BAB6700BAF353 /* VisualEffectBlur.swift */,
			);
			path = Graphics;
			sourceTree = "<group>";
		};
/* End PBXGroup section */

/* Begin PBXNativeTarget section */
		587071942838DF11001BAFA6 /* SwiftUICombineAndData */ = {
			isa = PBXNativeTarget;
			buildConfigurationList = 587071A32838DF14001BAFA6 /* Build configuration list for PBXNativeTarget "SwiftUICombineAndData" */;
			buildPhases = (
				587071912838DF11001BAFA6 /* Sources */,
				587071922838DF11001BAFA6 /* Frameworks */,
				587071932838DF11001BAFA6 /* Resources */,
			);
			buildRules = (
			);
			dependencies = (
			);
			name = SwiftUICombineAndData;
			productName = SwiftUICombineAndData;
			productReference = 587071952838DF11001BAFA6 /* SwiftUICombineAndData.app */;
			productType = "com.apple.product-type.application";
		};
/* End PBXNativeTarget section */

/* Begin PBXProject section */
		5870718D2838DF11001BAFA6 /* Project object */ = {
			isa = PBXProject;
			attributes = {
				BuildIndependentTargetsInParallel = 1;
				LastSwiftUpdateCheck = 1340;
				LastUpgradeCheck = 1340;
				TargetAttributes = {
					587071942838DF11001BAFA6 = {
						CreatedOnToolsVersion = 13.4;
					};
				};
			};
			buildConfigurationList = 587071902838DF11001BAFA6 /* Build configuration list for PBXProject "SwiftUICombineAndData" */;
			compatibilityVersion = "Xcode 13.0";
			developmentRegion = en;
			hasScannedForEncodings = 0;
			knownRegions = (
				en,
				Base,
			);
			mainGroup = 5870718C2838DF11001BAFA6;
			productRefGroup = 587071962838DF11001BAFA6 /* Products */;
			projectDirPath = "";
			projectRoot = "";
			targets = (
				587071942838DF11001BAFA6 /* SwiftUICombineAndData */,
			);
		};
/* End PBXProject section */

/* Begin PBXResourcesBuildPhase section */
		587071932838DF11001BAFA6 /* Resources */ = {
			isa = PBXResourcesBuildPhase;
			buildActionMask = 2147483647;
			files = (
				587071A02838DF14001BAFA6 /* Preview Assets.xcassets in Resources */,
				5870719D2838DF14001BAFA6 /* Assets.xcassets in Resources */,
			);
			runOnlyForDeploymentPostprocessing = 0;
		};
/* End PBXResourcesBuildPhase section */

/* Begin PBXSourcesBuildPhase section */
		587071912838DF11001BAFA6 /* Sources */ = {
			isa = PBXSourcesBuildPhase;
			buildActionMask = 2147483647;
			files = (
				5870719B2838DF11001BAFA6 /* ContentView.swift in Sources */,
				589B851F283BB50400BAF353 /* TrackableScrollView.swift in Sources */,
				589B851C283BAB6700BAF353 /* AccountBackground.swift in Sources */,
				584DEF202845DA46004CC5EC /* PackageRow.swift in Sources */,
				584DEF122841117E004CC5EC /* FAQView.swift in Sources */,
				584DEF142841118B004CC5EC /* PackagesView.swift in Sources */,
				584DEF102840E6FB004CC5EC /* GradientIcon.swift in Sources */,
				584DEF1E2845D8B9004CC5EC /* Package.swift in Sources */,
				587071992838DF11001BAFA6 /* SwiftUICombineAndDataApp.swift in Sources */,
				589B851D283BAB6700BAF353 /* VisualEffectBlur.swift in Sources */,
				589B8521283C8C8B00BAF353 /* MenuRow.swift in Sources */,
			);
			runOnlyForDeploymentPostprocessing = 0;
		};
/* End PBXSourcesBuildPhase section */

/* Begin XCBuildConfiguration section */
		587071A12838DF14001BAFA6 /* Debug */ = {
			isa = XCBuildConfiguration;
			buildSettings = {
				ALWAYS_SEARCH_USER_PATHS = NO;
				CLANG_ANALYZER_NONNULL = YES;
				CLANG_ANALYZER_NUMBER_OBJECT_CONVERSION = YES_AGGRESSIVE;
				CLANG_CXX_LANGUAGE_STANDARD = "gnu++17";
				CLANG_ENABLE_MODULES = YES;
				CLANG_ENABLE_OBJC_ARC = YES;
				CLANG_ENABLE_OBJC_WEAK = YES;
				CLANG_WARN_BLOCK_CAPTURE_AUTORELEASING = YES;
				CLANG_WARN_BOOL_CONVERSION = YES;
				CLANG_WARN_COMMA = YES;
				CLANG_WARN_CONSTANT_CONVERSION = YES;
				CLANG_WARN_DEPRECATED_OBJC_IMPLEMENTATIONS = YES;
				CLANG_WARN_DIRECT_OBJC_ISA_USAGE = YES_ERROR;
				CLANG_WARN_DOCUMENTATION_COMMENTS = YES;
				CLANG_WARN_EMPTY_BODY = YES;
				CLANG_WARN_ENUM_CONVERSION = YES;
				CLANG_WARN_INFINITE_RECURSION = YES;
				CLANG_WARN_INT_CONVERSION = YES;
				CLANG_WARN_NON_LITERAL_NULL_CONVERSION = YES;
				CLANG_WARN_OBJC_IMPLICIT_RETAIN_SELF = YES;
				CLANG_WARN_OBJC_LITERAL_CONVERSION = YES;
				CLANG_WARN_OBJC_ROOT_CLASS = YES_ERROR;
				CLANG_WARN_QUOTED_INCLUDE_IN_FRAMEWORK_HEADER = YES;
				CLANG_WARN_RANGE_LOOP_ANALYSIS = YES;
				CLANG_WARN_STRICT_PROTOTYPES = YES;
				CLANG_WARN_SUSPICIOUS_MOVE = YES;
				CLANG_WARN_UNGUARDED_AVAILABILITY = YES_AGGRESSIVE;
				CLANG_WARN_UNREACHABLE_CODE = YES;
				CLANG_WARN__DUPLICATE_METHOD_MATCH = YES;
				COPY_PHASE_STRIP = NO;
				DEBUG_INFORMATION_FORMAT = dwarf;
				ENABLE_STRICT_OBJC_MSGSEND = YES;
				ENABLE_TESTABILITY = YES;
				GCC_C_LANGUAGE_STANDARD = gnu11;
				GCC_DYNAMIC_NO_PIC = NO;
				GCC_NO_COMMON_BLOCKS = YES;
				GCC_OPTIMIZATION_LEVEL = 0;
				GCC_PREPROCESSOR_DEFINITIONS = (
					"DEBUG=1",
					"$(inherited)",
				);
				GCC_WARN_64_TO_32_BIT_CONVERSION = YES;
				GCC_WARN_ABOUT_RETURN_TYPE = YES_ERROR;
				GCC_WARN_UNDECLARED_SELECTOR = YES;
				GCC_WARN_UNINITIALIZED_AUTOS = YES_AGGRESSIVE;
				GCC_WARN_UNUSED_FUNCTION = YES;
				GCC_WARN_UNUSED_VARIABLE = YES;
				IPHONEOS_DEPLOYMENT_TARGET = 15.5;
				MTL_ENABLE_DEBUG_INFO = INCLUDE_SOURCE;
				MTL_FAST_MATH = YES;
				ONLY_ACTIVE_ARCH = YES;
				SDKROOT = iphoneos;
				SWIFT_ACTIVE_COMPILATION_CONDITIONS = DEBUG;
				SWIFT_OPTIMIZATION_LEVEL = "-Onone";
			};
			name = Debug;
		};
		587071A22838DF14001BAFA6 /* Release */ = {
			isa = XCBuildConfiguration;
			buildSettings = {
				ALWAYS_SEARCH_USER_PATHS = NO;
				CLANG_ANALYZER_NONNULL = YES;
				CLANG_ANALYZER_NUMBER_OBJECT_CONVERSION = YES_AGGRESSIVE;
				CLANG_CXX_LANGUAGE_STANDARD = "gnu++17";
				CLANG_ENABLE_MODULES = YES;
				CLANG_ENABLE_OBJC_ARC = YES;
				CLANG_ENABLE_OBJC_WEAK = YES;
				CLANG_WARN_BLOCK_CAPTURE_AUTORELEASING = YES;
				CLANG_WARN_BOOL_CONVERSION = YES;
				CLANG_WARN_COMMA = YES;
				CLANG_WARN_CONSTANT_CONVERSION = YES;
				CLANG_WARN_DEPRECATED_OBJC_IMPLEMENTATIONS = YES;
				CLANG_WARN_DIRECT_OBJC_ISA_USAGE = YES_ERROR;
				CLANG_WARN_DOCUMENTATION_COMMENTS = YES;
				CLANG_WARN_EMPTY_BODY = YES;
				CLANG_WARN_ENUM_CONVERSION = YES;
				CLANG_WARN_INFINITE_RECURSION = YES;
				CLANG_WARN_INT_CONVERSION = YES;
				CLANG_WARN_NON_LITERAL_NULL_CONVERSION = YES;
				CLANG_WARN_OBJC_IMPLICIT_RETAIN_SELF = YES;
				CLANG_WARN_OBJC_LITERAL_CONVERSION = YES;
				CLANG_WARN_OBJC_ROOT_CLASS = YES_ERROR;
				CLANG_WARN_QUOTED_INCLUDE_IN_FRAMEWORK_HEADER = YES;
				CLANG_WARN_RANGE_LOOP_ANALYSIS = YES;
				CLANG_WARN_STRICT_PROTOTYPES = YES;
				CLANG_WARN_SUSPICIOUS_MOVE = YES;
				CLANG_WARN_UNGUARDED_AVAILABILITY = YES_AGGRESSIVE;
				CLANG_WARN_UNREACHABLE_CODE = YES;
				CLANG_WARN__DUPLICATE_METHOD_MATCH = YES;
				COPY_PHASE_STRIP = NO;
				DEBUG_INFORMATION_FORMAT = "dwarf-with-dsym";
				ENABLE_NS_ASSERTIONS = NO;
				ENABLE_STRICT_OBJC_MSGSEND = YES;
				GCC_C_LANGUAGE_STANDARD = gnu11;
				GCC_NO_COMMON_BLOCKS = YES;
				GCC_WARN_64_TO_32_BIT_CONVERSION = YES;
				GCC_WARN_ABOUT_RETURN_TYPE = YES_ERROR;
				GCC_WARN_UNDECLARED_SELECTOR = YES;
				GCC_WARN_UNINITIALIZED_AUTOS = YES_AGGRESSIVE;
				GCC_WARN_UNUSED_FUNCTION = YES;
				GCC_WARN_UNUSED_VARIABLE = YES;
				IPHONEOS_DEPLOYMENT_TARGET = 15.5;
				MTL_ENABLE_DEBUG_INFO = NO;
				MTL_FAST_MATH = YES;
				SDKROOT = iphoneos;
				SWIFT_COMPILATION_MODE = wholemodule;
				SWIFT_OPTIMIZATION_LEVEL = "-O";
				VALIDATE_PRODUCT = YES;
			};
			name = Release;
		};
		587071A42838DF14001BAFA6 /* Debug */ = {
			isa = XCBuildConfiguration;
			buildSettings = {
				ASSETCATALOG_COMPILER_APPICON_NAME = AppIcon;
				ASSETCATALOG_COMPILER_GLOBAL_ACCENT_COLOR_NAME = AccentColor;
				CODE_SIGN_STYLE = Automatic;
				CURRENT_PROJECT_VERSION = 1;
				DEVELOPMENT_ASSET_PATHS = "\"SwiftUICombineAndData/Preview Content\"";
				DEVELOPMENT_TEAM = W3YW45WJ7B;
				ENABLE_PREVIEWS = YES;
				GENERATE_INFOPLIST_FILE = YES;
				INFOPLIST_KEY_UIApplicationSceneManifest_Generation = YES;
				INFOPLIST_KEY_UIApplicationSupportsIndirectInputEvents = YES;
				INFOPLIST_KEY_UILaunchScreen_Generation = YES;
				INFOPLIST_KEY_UISupportedInterfaceOrientations_iPad = "UIInterfaceOrientationPortrait UIInterfaceOrientationPortraitUpsideDown UIInterfaceOrientationLandscapeLeft UIInterfaceOrientationLandscapeRight";
				INFOPLIST_KEY_UISupportedInterfaceOrientations_iPhone = "UIInterfaceOrientationPortrait UIInterfaceOrientationLandscapeLeft UIInterfaceOrientationLandscapeRight";
				LD_RUNPATH_SEARCH_PATHS = (
					"$(inherited)",
					"@executable_path/Frameworks",
				);
				MARKETING_VERSION = 1.0;
				PRODUCT_BUNDLE_IDENTIFIER = Mitch.SwiftUICombineAndData;
				PRODUCT_NAME = "$(TARGET_NAME)";
				SWIFT_EMIT_LOC_STRINGS = YES;
				SWIFT_VERSION = 5.0;
				TARGETED_DEVICE_FAMILY = "1,2";
			};
			name = Debug;
		};
		587071A52838DF14001BAFA6 /* Release */ = {
			isa = XCBuildConfiguration;
			buildSettings = {
				ASSETCATALOG_COMPILER_APPICON_NAME = AppIcon;
				ASSETCATALOG_COMPILER_GLOBAL_ACCENT_COLOR_NAME = AccentColor;
				CODE_SIGN_STYLE = Automatic;
				CURRENT_PROJECT_VERSION = 1;
				DEVELOPMENT_ASSET_PATHS = "\"SwiftUICombineAndData/Preview Content\"";
				DEVELOPMENT_TEAM = W3YW45WJ7B;
				ENABLE_PREVIEWS = YES;
				GENERATE_INFOPLIST_FILE = YES;
				INFOPLIST_KEY_UIApplicationSceneManifest_Generation = YES;
				INFOPLIST_KEY_UIApplicationSupportsIndirectInputEvents = YES;
				INFOPLIST_KEY_UILaunchScreen_Generation = YES;
				INFOPLIST_KEY_UISupportedInterfaceOrientations_iPad = "UIInterfaceOrientationPortrait UIInterfaceOrientationPortraitUpsideDown UIInterfaceOrientationLandscapeLeft UIInterfaceOrientationLandscapeRight";
				INFOPLIST_KEY_UISupportedInterfaceOrientations_iPhone = "UIInterfaceOrientationPortrait UIInterfaceOrientationLandscapeLeft UIInterfaceOrientationLandscapeRight";
				LD_RUNPATH_SEARCH_PATHS = (
					"$(inherited)",
					"@executable_path/Frameworks",
				);
				MARKETING_VERSION = 1.0;
				PRODUCT_BUNDLE_IDENTIFIER = Mitch.SwiftUICombineAndData;
				PRODUCT_NAME = "$(TARGET_NAME)";
				SWIFT_EMIT_LOC_STRINGS = YES;
				SWIFT_VERSION = 5.0;
				TARGETED_DEVICE_FAMILY = "1,2";
			};
			name = Release;
		};
/* End XCBuildConfiguration section */

/* Begin XCConfigurationList section */
		587071902838DF11001BAFA6 /* Build configuration list for PBXProject "SwiftUICombineAndData" */ = {
			isa = XCConfigurationList;
			buildConfigurations = (
				587071A12838DF14001BAFA6 /* Debug */,
				587071A22838DF14001BAFA6 /* Release */,
			);
			defaultConfigurationIsVisible = 0;
			defaultConfigurationName = Release;
		};
		587071A32838DF14001BAFA6 /* Build configuration list for PBXNativeTarget "SwiftUICombineAndData" */ = {
			isa = XCConfigurationList;
			buildConfigurations = (
				587071A42838DF14001BAFA6 /* Debug */,
				587071A52838DF14001BAFA6 /* Release */,
			);
			defaultConfigurationIsVisible = 0;
			defaultConfigurationName = Release;
		};
/* End XCConfigurationList section */
	};
	rootObject = 5870718D2838DF11001BAFA6 /* Project object */;
}
